
Microsoft Visual Studio Solution File, Format Version 12.00
# Visual Studio Version 17
VisualStudioVersion = 17.12.35527.113 d17.12
MinimumVisualStudioVersion = 10.0.40219.1
Project("{FAE04EC0-301F-11D3-BF4B-00C04F79EFBC}") = "RuleChanger.Core", "RuleChanger.Core\RuleChanger.Core.csproj", "{CEA11B04-749B-459C-9B79-749F3748F329}"
EndProject
Project("{FAE04EC0-301F-11D3-BF4B-00C04F79EFBC}") = "RuleChanger.UI", "RuleChanger.UI\RuleChanger.UI.csproj", "{0C07436D-1038-4E0E-8ECF-B41BA2268304}"
EndProject
Global
	GlobalSection(SolutionConfigurationPlatforms) = preSolution
		Debug|Any CPU = Debug|Any CPU
		Release|Any CPU = Release|Any CPU
	EndGlobalSection
	GlobalSection(ProjectConfigurationPlatforms) = postSolution
		{CEA11B04-749B-459C-9B79-749F3748F329}.Debug|Any CPU.ActiveCfg = Debug|Any CPU
		{CEA11B04-749B-459C-9B79-749F3748F329}.Debug|Any CPU.Build.0 = Debug|Any CPU
		{CEA11B04-749B-459C-9B79-749F3748F329}.Release|Any CPU.ActiveCfg = Release|Any CPU
		{CEA11B04-749B-459C-9B79-749F3748F329}.Release|Any CPU.Build.0 = Release|Any CPU
		{0C07436D-1038-4E0E-8ECF-B41BA2268304}.Debug|Any CPU.ActiveCfg = Debug|Any CPU
		{0C07436D-1038-4E0E-8ECF-B41BA2268304}.Debug|Any CPU.Build.0 = Debug|Any CPU
		{0C07436D-1038-4E0E-8ECF-B41BA2268304}.Release|Any CPU.ActiveCfg = Release|Any CPU
		{0C07436D-1038-4E0E-8ECF-B41BA2268304}.Release|Any CPU.Build.0 = Release|Any CPU
	EndGlobalSection
	GlobalSection(SolutionProperties) = preSolution
		HideSolutionNode = FALSE
	EndGlobalSection
EndGlobal
